
Microsoft Visual Studio Solution File, Format Version 12.00
# Visual Studio Version 17
VisualStudioVersion = 17.12.35527.113
MinimumVisualStudioVersion = 10.0.40219.1
Project("{FAE04EC0-301F-11D3-BF4B-00C04F79EFBC}") = "VolcanionCronjobsManagement", "VolcanionCronjobsManagement\VolcanionCronjobsManagement.csproj", "{4C962A17-8B08-4676-8C39-61E5D7BF2F38}"
EndProject
Project("{FAE04EC0-301F-11D3-BF4B-00C04F79EFBC}") = "BankTransferQRCode", "BankTransferQRCode\BankTransferQRCode.csproj", "{77C04FE5-B99B-4687-ACC8-89C08DD4A72E}"
EndProject
Project("{FAE04EC0-301F-11D3-BF4B-00C04F79EFBC}") = "CronjobWorker", "CronjobWorker\CronjobWorker.csproj", "{A69F6F45-30E6-4441-B816-8C2A2A94B1C3}"
EndProject
Global
	GlobalSection(SolutionConfigurationPlatforms) = preSolution
		Debug|Any CPU = Debug|Any CPU
		Release|Any CPU = Release|Any CPU
	EndGlobalSection
	GlobalSection(ProjectConfigurationPlatforms) = postSolution
		{4C962A17-8B08-4676-8C39-61E5D7BF2F38}.Debug|Any CPU.ActiveCfg = Debug|Any CPU
		{4C962A17-8B08-4676-8C39-61E5D7BF2F38}.Debug|Any CPU.Build.0 = Debug|Any CPU
		{4C962A17-8B08-4676-8C39-61E5D7BF2F38}.Release|Any CPU.ActiveCfg = Release|Any CPU
		{4C962A17-8B08-4676-8C39-61E5D7BF2F38}.Release|Any CPU.Build.0 = Release|Any CPU
		{77C04FE5-B99B-4687-ACC8-89C08DD4A72E}.Debug|Any CPU.ActiveCfg = Debug|Any CPU
		{77C04FE5-B99B-4687-ACC8-89C08DD4A72E}.Debug|Any CPU.Build.0 = Debug|Any CPU
		{77C04FE5-B99B-4687-ACC8-89C08DD4A72E}.Release|Any CPU.ActiveCfg = Release|Any CPU
		{77C04FE5-B99B-4687-ACC8-89C08DD4A72E}.Release|Any CPU.Build.0 = Release|Any CPU
		{A69F6F45-30E6-4441-B816-8C2A2A94B1C3}.Debug|Any CPU.ActiveCfg = Debug|Any CPU
		{A69F6F45-30E6-4441-B816-8C2A2A94B1C3}.Debug|Any CPU.Build.0 = Debug|Any CPU
		{A69F6F45-30E6-4441-B816-8C2A2A94B1C3}.Release|Any CPU.ActiveCfg = Release|Any CPU
		{A69F6F45-30E6-4441-B816-8C2A2A94B1C3}.Release|Any CPU.Build.0 = Release|Any CPU
	EndGlobalSection
	GlobalSection(SolutionProperties) = preSolution
		HideSolutionNode = FALSE
	EndGlobalSection
EndGlobal
